PODS:
  - SwiftLint (0.20.1)
  - SwiftyJSON (3.1.4)

DEPENDENCIES:
  - SwiftLint
  - SwiftyJSON

SPEC CHECKSUMS:
  SwiftLint: f60095dc173a3f3ec505bb34f5229c3dfd779a54
  SwiftyJSON: c2842d878f95482ffceec5709abc3d05680c0220

PODFILE CHECKSUM: 8d59196478f17819f0b13a6dfb4fb6aab5a5110a

COCOAPODS: 1.2.1
