// !$*UTF8*$!
{
	archiveVersion = 1;
	classes = {
	};
	objectVersion = 46;
	objects = {

/* Begin PBXBuildFile section */
		879FCEE11F20E8C30042ABC8 /* LoginViewController.swift in Sources */ = {isa = PBXBuildFile; fileRef = 879FCEE01F20E8C30042ABC8 /* LoginViewController.swift */; };
		87C0580C1F10AF7B0085B157 /* AppDelegate.swift in Sources */ = {isa = PBXBuildFile; fileRef = 87C0580B1F10AF7B0085B157 /* AppDelegate.swift */; };
		87C0580E1F10AF7B0085B157 /* ViewController.swift in Sources */ = {isa = PBXBuildFile; fileRef = 87C0580D1F10AF7B0085B157 /* ViewController.swift */; };
		87C058111F10AF7B0085B157 /* Main.storyboard in Resources */ = {isa = PBXBuildFile; fileRef = 87C0580F1F10AF7B0085B157 /* Main.storyboard */; };
		87C058131F10AF7B0085B157 /* Assets.xcassets in Resources */ = {isa = PBXBuildFile; fileRef = 87C058121F10AF7B0085B157 /* Assets.xcassets */; };
		87C058161F10AF7B0085B157 /* LaunchScreen.storyboard in Resources */ = {isa = PBXBuildFile; fileRef = 87C058141F10AF7B0085B157 /* LaunchScreen.storyboard */; };
		87C7084D1F20F7C500E44906 /* 1Password.xcassets in Resources */ = {isa = PBXBuildFile; fileRef = 87C7084C1F20F7C500E44906 /* 1Password.xcassets */; };
		87E34F0A1F11F3070025BCEB /* Widget.swift in Sources */ = {isa = PBXBuildFile; fileRef = 87E34F091F11F3070025BCEB /* Widget.swift */; };
		90A9DC4969AA284F48EC1919 /* Pods_widget.framework in Frameworks */ = {isa = PBXBuildFile; fileRef = 5DD33E08AFD9B0CCDD62B128 /* Pods_widget.framework */; };
		A37E3539E5292800CE92CF73 /* Pods_simplestats.framework in Frameworks */ = {isa = PBXBuildFile; fileRef = 8B5F151CC27DECFEA9936B84 /* Pods_simplestats.framework */; };
		C1DF31EE1F14D3B300A2C2C5 /* TodayViewController.swift in Sources */ = {isa = PBXBuildFile; fileRef = C1DF31ED1F14D3B300A2C2C5 /* TodayViewController.swift */; };
		C1DF31F11F14D3B300A2C2C5 /* MainInterface.storyboard in Resources */ = {isa = PBXBuildFile; fileRef = C1DF31EF1F14D3B300A2C2C5 /* MainInterface.storyboard */; };
		C1DF31F51F14D3B300A2C2C5 /* widget.appex in Embed App Extensions */ = {isa = PBXBuildFile; fileRef = C1DF31E81F14D3B300A2C2C5 /* widget.appex */; settings = {ATTRIBUTES = (RemoveHeadersOnCopy, ); }; };
		C1EB4C471F14D8F4002C3573 /* Widget.swift in Sources */ = {isa = PBXBuildFile; fileRef = 87E34F091F11F3070025BCEB /* Widget.swift */; };
/* End PBXBuildFile section */

/* Begin PBXContainerItemProxy section */
		C1DF31F31F14D3B300A2C2C5 /* PBXContainerItemProxy */ = {
			isa = PBXContainerItemProxy;
			containerPortal = 87C058001F10AF7B0085B157 /* Project object */;
			proxyType = 1;
			remoteGlobalIDString = C1DF31E71F14D3B300A2C2C5;
			remoteInfo = widget;
		};
/* End PBXContainerItemProxy section */

/* Begin PBXCopyFilesBuildPhase section */
		C1DF31F91F14D3B300A2C2C5 /* Embed App Extensions */ = {
			isa = PBXCopyFilesBuildPhase;
			buildActionMask = 2147483647;
			dstPath = "";
			dstSubfolderSpec = 13;
			files = (
				C1DF31F51F14D3B300A2C2C5 /* widget.appex in Embed App Extensions */,
			);
			name = "Embed App Extensions";
			runOnlyForDeploymentPostprocessing = 0;
		};
		C1EB4C461F14D895002C3573 /* Embed Frameworks */ = {
			isa = PBXCopyFilesBuildPhase;
			buildActionMask = 2147483647;
			dstPath = "";
			dstSubfolderSpec = 10;
			files = (
			);
			name = "Embed Frameworks";
			runOnlyForDeploymentPostprocessing = 0;
		};
/* End PBXCopyFilesBuildPhase section */

/* Begin PBXFileReference section */
		149871B216FE3AED6F87F7A0 /* Pods-widget.release.xcconfig */ = {isa = PBXFileReference; includeInIndex = 1; lastKnownFileType = text.xcconfig; name = "Pods-widget.release.xcconfig"; path = "Pods/Target Support Files/Pods-widget/Pods-widget.release.xcconfig"; sourceTree = "<group>"; };
		20EA8B1DCADD3B9DA620238E /* Pods-widget.debug.xcconfig */ = {isa = PBXFileReference; includeInIndex = 1; lastKnownFileType = text.xcconfig; name = "Pods-widget.debug.xcconfig"; path = "Pods/Target Support Files/Pods-widget/Pods-widget.debug.xcconfig"; sourceTree = "<group>"; };
		5DD33E08AFD9B0CCDD62B128 /* Pods_widget.framework */ = {isa = PBXFileReference; explicitFileType = wrapper.framework; includeInIndex = 0; path = Pods_widget.framework; sourceTree = BUILT_PRODUCTS_DIR; };
		8787F6451F1E307400A4BF03 /* simplestats.entitlements */ = {isa = PBXFileReference; lastKnownFileType = text.plist.entitlements; path = simplestats.entitlements; sourceTree = "<group>"; };
		8787F6461F1E314300A4BF03 /* widget.entitlements */ = {isa = PBXFileReference; lastKnownFileType = text.plist.entitlements; path = widget.entitlements; sourceTree = "<group>"; };
		879FCEE01F20E8C30042ABC8 /* LoginViewController.swift */ = {isa = PBXFileReference; fileEncoding = 4; lastKnownFileType = sourcecode.swift; path = LoginViewController.swift; sourceTree = "<group>"; };
		879FCEE31F20EC9B0042ABC8 /* OnePasswordExtension.framework */ = {isa = PBXFileReference; lastKnownFileType = wrapper.framework; name = OnePasswordExtension.framework; path = "../../Library/Developer/Xcode/DerivedData/simplestats-cydmeqoqodkkntgttzokwicbiprr/Build/Products/Debug-iphonesimulator/1PasswordExtension/OnePasswordExtension.framework"; sourceTree = "<group>"; };
		87C058081F10AF7B0085B157 /* simplestats.app */ = {isa = PBXFileReference; explicitFileType = wrapper.application; includeInIndex = 0; path = simplestats.app; sourceTree = BUILT_PRODUCTS_DIR; };
		87C0580B1F10AF7B0085B157 /* AppDelegate.swift */ = {isa = PBXFileReference; lastKnownFileType = sourcecode.swift; path = AppDelegate.swift; sourceTree = "<group>"; };
		87C0580D1F10AF7B0085B157 /* ViewController.swift */ = {isa = PBXFileReference; lastKnownFileType = sourcecode.swift; path = ViewController.swift; sourceTree = "<group>"; };
		87C058101F10AF7B0085B157 /* Base */ = {isa = PBXFileReference; lastKnownFileType = file.storyboard; name = Base; path = Base.lproj/Main.storyboard; sourceTree = "<group>"; };
		87C058121F10AF7B0085B157 /* Assets.xcassets */ = {isa = PBXFileReference; lastKnownFileType = folder.assetcatalog; path = Assets.xcassets; sourceTree = "<group>"; };
		87C058151F10AF7B0085B157 /* Base */ = {isa = PBXFileReference; lastKnownFileType = file.storyboard; name = Base; path = Base.lproj/LaunchScreen.storyboard; sourceTree = "<group>"; };
		87C058171F10AF7B0085B157 /* Info.plist */ = {isa = PBXFileReference; lastKnownFileType = text.plist.xml; path = Info.plist; sourceTree = "<group>"; };
		87C7084C1F20F7C500E44906 /* 1Password.xcassets */ = {isa = PBXFileReference; lastKnownFileType = folder.assetcatalog; name = 1Password.xcassets; path = Pods/1PasswordExtension/1Password.xcassets; sourceTree = "<group>"; };
		87E34F091F11F3070025BCEB /* Widget.swift */ = {isa = PBXFileReference; fileEncoding = 4; lastKnownFileType = sourcecode.swift; path = Widget.swift; sourceTree = "<group>"; };
		8B5F151CC27DECFEA9936B84 /* Pods_simplestats.framework */ = {isa = PBXFileReference; explicitFileType = wrapper.framework; includeInIndex = 0; path = Pods_simplestats.framework; sourceTree = BUILT_PRODUCTS_DIR; };
		ACD635D7364B3D74BA51C6F3 /* Pods-simplestats.release.xcconfig */ = {isa = PBXFileReference; includeInIndex = 1; lastKnownFileType = text.xcconfig; name = "Pods-simplestats.release.xcconfig"; path = "Pods/Target Support Files/Pods-simplestats/Pods-simplestats.release.xcconfig"; sourceTree = "<group>"; };
		C169C5EB1F21805400239EC0 /* Pods_widget.framework */ = {isa = PBXFileReference; lastKnownFileType = wrapper.framework; name = Pods_widget.framework; path = "../../Library/Developer/Xcode/DerivedData/simplestats-bxeijlhxhdmziocoljvnmmojqhry/Build/Products/Debug-iphonesimulator/Pods_widget.framework"; sourceTree = "<group>"; };
		C169C5ED1F21805D00239EC0 /* Alamofire.framework */ = {isa = PBXFileReference; lastKnownFileType = wrapper.framework; name = Alamofire.framework; path = "../../Library/Developer/Xcode/DerivedData/simplestats-bxeijlhxhdmziocoljvnmmojqhry/Build/Products/Debug-iphonesimulator/Alamofire/Alamofire.framework"; sourceTree = "<group>"; };
		C1DF31E81F14D3B300A2C2C5 /* widget.appex */ = {isa = PBXFileReference; explicitFileType = "wrapper.app-extension"; includeInIndex = 0; path = widget.appex; sourceTree = BUILT_PRODUCTS_DIR; };
		C1DF31EA1F14D3B300A2C2C5 /* NotificationCenter.framework */ = {isa = PBXFileReference; lastKnownFileType = wrapper.framework; name = NotificationCenter.framework; path = System/Library/Frameworks/NotificationCenter.framework; sourceTree = SDKROOT; };
		C1DF31ED1F14D3B300A2C2C5 /* TodayViewController.swift */ = {isa = PBXFileReference; lastKnownFileType = sourcecode.swift; path = TodayViewController.swift; sourceTree = "<group>"; };
		C1DF31F01F14D3B300A2C2C5 /* Base */ = {isa = PBXFileReference; lastKnownFileType = file.storyboard; name = Base; path = Base.lproj/MainInterface.storyboard; sourceTree = "<group>"; };
		C1DF31F21F14D3B300A2C2C5 /* Info.plist */ = {isa = PBXFileReference; lastKnownFileType = text.plist.xml; path = Info.plist; sourceTree = "<group>"; };
		F3038DE85FFD4B830BE0C7D9 /* Pods-simplestats.debug.xcconfig */ = {isa = PBXFileReference; includeInIndex = 1; lastKnownFileType = text.xcconfig; name = "Pods-simplestats.debug.xcconfig"; path = "Pods/Target Support Files/Pods-simplestats/Pods-simplestats.debug.xcconfig"; sourceTree = "<group>"; };
/* End PBXFileReference section */

/* Begin PBXFrameworksBuildPhase section */
		87C058051F10AF7B0085B157 /* Frameworks */ = {
			isa = PBXFrameworksBuildPhase;
			buildActionMask = 2147483647;
			files = (
				A37E3539E5292800CE92CF73 /* Pods_simplestats.framework in Frameworks */,
			);
			runOnlyForDeploymentPostprocessing = 0;
		};
		C1DF31E51F14D3B300A2C2C5 /* Frameworks */ = {
			isa = PBXFrameworksBuildPhase;
			buildActionMask = 2147483647;
			files = (
				90A9DC4969AA284F48EC1919 /* Pods_widget.framework in Frameworks */,
			);
			runOnlyForDeploymentPostprocessing = 0;
		};
/* End PBXFrameworksBuildPhase section */

/* Begin PBXGroup section */
		87C057FF1F10AF7B0085B157 = {
			isa = PBXGroup;
			children = (
				87C7084C1F20F7C500E44906 /* 1Password.xcassets */,
				87C0580A1F10AF7B0085B157 /* simplestats */,
				C1DF31EC1F14D3B300A2C2C5 /* widget */,
				C1DF31E91F14D3B300A2C2C5 /* Frameworks */,
				87C058091F10AF7B0085B157 /* Products */,
				E1E47436CC35CC5DBFC41A06 /* Pods */,
			);
			sourceTree = "<group>";
		};
		87C058091F10AF7B0085B157 /* Products */ = {
			isa = PBXGroup;
			children = (
				87C058081F10AF7B0085B157 /* simplestats.app */,
				C1DF31E81F14D3B300A2C2C5 /* widget.appex */,
			);
			name = Products;
			sourceTree = "<group>";
		};
		87C0580A1F10AF7B0085B157 /* simplestats */ = {
			isa = PBXGroup;
			children = (
				8787F6451F1E307400A4BF03 /* simplestats.entitlements */,
				87E34F091F11F3070025BCEB /* Widget.swift */,
				87C0580B1F10AF7B0085B157 /* AppDelegate.swift */,
				87C0580D1F10AF7B0085B157 /* ViewController.swift */,
				87C0580F1F10AF7B0085B157 /* Main.storyboard */,
				879FCEE01F20E8C30042ABC8 /* LoginViewController.swift */,
				87C058121F10AF7B0085B157 /* Assets.xcassets */,
				87C058141F10AF7B0085B157 /* LaunchScreen.storyboard */,
				87C058171F10AF7B0085B157 /* Info.plist */,
			);
			path = simplestats;
			sourceTree = "<group>";
		};
		C1DF31E91F14D3B300A2C2C5 /* Frameworks */ = {
			isa = PBXGroup;
			children = (
				C169C5ED1F21805D00239EC0 /* Alamofire.framework */,
				C169C5EB1F21805400239EC0 /* Pods_widget.framework */,
				879FCEE31F20EC9B0042ABC8 /* OnePasswordExtension.framework */,
				C1DF31EA1F14D3B300A2C2C5 /* NotificationCenter.framework */,
				8B5F151CC27DECFEA9936B84 /* Pods_simplestats.framework */,
				5DD33E08AFD9B0CCDD62B128 /* Pods_widget.framework */,
			);
			name = Frameworks;
			sourceTree = "<group>";
		};
		C1DF31EC1F14D3B300A2C2C5 /* widget */ = {
			isa = PBXGroup;
			children = (
				8787F6461F1E314300A4BF03 /* widget.entitlements */,
				C1DF31ED1F14D3B300A2C2C5 /* TodayViewController.swift */,
				C1DF31EF1F14D3B300A2C2C5 /* MainInterface.storyboard */,
				C1DF31F21F14D3B300A2C2C5 /* Info.plist */,
			);
			path = widget;
			sourceTree = "<group>";
		};
		E1E47436CC35CC5DBFC41A06 /* Pods */ = {
			isa = PBXGroup;
			children = (
				F3038DE85FFD4B830BE0C7D9 /* Pods-simplestats.debug.xcconfig */,
				ACD635D7364B3D74BA51C6F3 /* Pods-simplestats.release.xcconfig */,
				20EA8B1DCADD3B9DA620238E /* Pods-widget.debug.xcconfig */,
				149871B216FE3AED6F87F7A0 /* Pods-widget.release.xcconfig */,
			);
			name = Pods;
			sourceTree = "<group>";
		};
/* End PBXGroup section */

/* Begin PBXNativeTarget section */
		87C058071F10AF7B0085B157 /* simplestats */ = {
			isa = PBXNativeTarget;
			buildConfigurationList = 87C0581A1F10AF7B0085B157 /* Build configuration list for PBXNativeTarget "simplestats" */;
			buildPhases = (
				934639450F6A05B00FC7B571 /* [CP] Check Pods Manifest.lock */,
				87C058041F10AF7B0085B157 /* Sources */,
				87C058051F10AF7B0085B157 /* Frameworks */,
				87C058061F10AF7B0085B157 /* Resources */,
				C1DF31F91F14D3B300A2C2C5 /* Embed App Extensions */,
				B8D689DF5F173A4B78826FAB /* [CP] Embed Pods Frameworks */,
				C1EB4C461F14D895002C3573 /* Embed Frameworks */,
				79C773F4BAFB86C00790281E /* [CP] Copy Pods Resources */,
				87626A6C1F1C5F6A00528993 /* ShellScript */,
			);
			buildRules = (
			);
			dependencies = (
				C1DF31F41F14D3B300A2C2C5 /* PBXTargetDependency */,
			);
			name = simplestats;
			productName = simplestats;
			productReference = 87C058081F10AF7B0085B157 /* simplestats.app */;
			productType = "com.apple.product-type.application";
		};
		C1DF31E71F14D3B300A2C2C5 /* widget */ = {
			isa = PBXNativeTarget;
			buildConfigurationList = C1DF31F81F14D3B300A2C2C5 /* Build configuration list for PBXNativeTarget "widget" */;
			buildPhases = (
				22A365D3DAE36EEFF895B353 /* [CP] Check Pods Manifest.lock */,
				C1DF31E41F14D3B300A2C2C5 /* Sources */,
				C1DF31E51F14D3B300A2C2C5 /* Frameworks */,
				C1DF31E61F14D3B300A2C2C5 /* Resources */,
				ADA6ABB6BD80A009D94AAFED /* [CP] Copy Pods Resources */,
			);
			buildRules = (
			);
			dependencies = (
			);
			name = widget;
			productName = widget;
			productReference = C1DF31E81F14D3B300A2C2C5 /* widget.appex */;
			productType = "com.apple.product-type.app-extension";
		};
/* End PBXNativeTarget section */

/* Begin PBXProject section */
		87C058001F10AF7B0085B157 /* Project object */ = {
			isa = PBXProject;
			attributes = {
				KnownAssetTags = (
					New,
				);
				LastSwiftUpdateCheck = 0830;
				LastUpgradeCheck = 0830;
				ORGANIZATIONNAME = "Paul Traylor";
				TargetAttributes = {
					87C058071F10AF7B0085B157 = {
						CreatedOnToolsVersion = 8.3.3;
						DevelopmentTeam = QX3B8ZS54S;
						ProvisioningStyle = Automatic;
						SystemCapabilities = {
							com.apple.ApplicationGroups.iOS = {
								enabled = 1;
							};
						};
					};
					C1DF31E71F14D3B300A2C2C5 = {
						CreatedOnToolsVersion = 8.3.3;
						DevelopmentTeam = QX3B8ZS54S;
						ProvisioningStyle = Automatic;
						SystemCapabilities = {
							com.apple.ApplicationGroups.iOS = {
								enabled = 1;
							};
						};
					};
				};
			};
			buildConfigurationList = 87C058031F10AF7B0085B157 /* Build configuration list for PBXProject "simplestats" */;
			compatibilityVersion = "Xcode 3.2";
			developmentRegion = English;
			hasScannedForEncodings = 0;
			knownRegions = (
				en,
				Base,
			);
			mainGroup = 87C057FF1F10AF7B0085B157;
			productRefGroup = 87C058091F10AF7B0085B157 /* Products */;
			projectDirPath = "";
			projectRoot = "";
			targets = (
				87C058071F10AF7B0085B157 /* simplestats */,
				C1DF31E71F14D3B300A2C2C5 /* widget */,
			);
		};
/* End PBXProject section */

/* Begin PBXResourcesBuildPhase section */
		87C058061F10AF7B0085B157 /* Resources */ = {
			isa = PBXResourcesBuildPhase;
			buildActionMask = 2147483647;
			files = (
				87C7084D1F20F7C500E44906 /* 1Password.xcassets in Resources */,
				87C058161F10AF7B0085B157 /* LaunchScreen.storyboard in Resources */,
				87C058131F10AF7B0085B157 /* Assets.xcassets in Resources */,
				87C058111F10AF7B0085B157 /* Main.storyboard in Resources */,
			);
			runOnlyForDeploymentPostprocessing = 0;
		};
		C1DF31E61F14D3B300A2C2C5 /* Resources */ = {
			isa = PBXResourcesBuildPhase;
			buildActionMask = 2147483647;
			files = (
				C1DF31F11F14D3B300A2C2C5 /* MainInterface.storyboard in Resources */,
			);
			runOnlyForDeploymentPostprocessing = 0;
		};
/* End PBXResourcesBuildPhase section */

/* Begin PBXShellScriptBuildPhase section */
		22A365D3DAE36EEFF895B353 /* [CP] Check Pods Manifest.lock */ = {
			isa = PBXShellScriptBuildPhase;
			buildActionMask = 2147483647;
			files = (
			);
			inputPaths = (
			);
			name = "[CP] Check Pods Manifest.lock";
			outputPaths = (
			);
			runOnlyForDeploymentPostprocessing = 0;
			shellPath = /bin/sh;
			shellScript = "diff \"${PODS_PODFILE_DIR_PATH}/Podfile.lock\" \"${PODS_ROOT}/Manifest.lock\" > /dev/null\nif [ $? != 0 ] ; then\n    # print error to STDERR\n    echo \"error: The sandbox is not in sync with the Podfile.lock. Run 'pod install' or update your CocoaPods installation.\" >&2\n    exit 1\nfi\n";
			showEnvVarsInLog = 0;
		};
		79C773F4BAFB86C00790281E /* [CP] Copy Pods Resources */ = {
			isa = PBXShellScriptBuildPhase;
			buildActionMask = 2147483647;
			files = (
			);
			inputPaths = (
			);
			name = "[CP] Copy Pods Resources";
			outputPaths = (
			);
			runOnlyForDeploymentPostprocessing = 0;
			shellPath = /bin/sh;
			shellScript = "\"${SRCROOT}/Pods/Target Support Files/Pods-simplestats/Pods-simplestats-resources.sh\"\n";
			showEnvVarsInLog = 0;
		};
		87626A6C1F1C5F6A00528993 /* ShellScript */ = {
			isa = PBXShellScriptBuildPhase;
			buildActionMask = 2147483647;
			files = (
			);
			inputPaths = (
			);
			outputPaths = (
			);
			runOnlyForDeploymentPostprocessing = 0;
			shellPath = /bin/sh;
			shellScript = "\"${PODS_ROOT}/SwiftLint/swiftlint\"";
		};
		934639450F6A05B00FC7B571 /* [CP] Check Pods Manifest.lock */ = {
			isa = PBXShellScriptBuildPhase;
			buildActionMask = 2147483647;
			files = (
			);
			inputPaths = (
			);
			name = "[CP] Check Pods Manifest.lock";
			outputPaths = (
			);
			runOnlyForDeploymentPostprocessing = 0;
			shellPath = /bin/sh;
			shellScript = "diff \"${PODS_PODFILE_DIR_PATH}/Podfile.lock\" \"${PODS_ROOT}/Manifest.lock\" > /dev/null\nif [ $? != 0 ] ; then\n    # print error to STDERR\n    echo \"error: The sandbox is not in sync with the Podfile.lock. Run 'pod install' or update your CocoaPods installation.\" >&2\n    exit 1\nfi\n";
			showEnvVarsInLog = 0;
		};
		ADA6ABB6BD80A009D94AAFED /* [CP] Copy Pods Resources */ = {
			isa = PBXShellScriptBuildPhase;
			buildActionMask = 2147483647;
			files = (
			);
			inputPaths = (
			);
			name = "[CP] Copy Pods Resources";
			outputPaths = (
			);
			runOnlyForDeploymentPostprocessing = 0;
			shellPath = /bin/sh;
			shellScript = "\"${SRCROOT}/Pods/Target Support Files/Pods-widget/Pods-widget-resources.sh\"\n";
			showEnvVarsInLog = 0;
		};
		B8D689DF5F173A4B78826FAB /* [CP] Embed Pods Frameworks */ = {
			isa = PBXShellScriptBuildPhase;
			buildActionMask = 2147483647;
			files = (
			);
			inputPaths = (
			);
			name = "[CP] Embed Pods Frameworks";
			outputPaths = (
			);
			runOnlyForDeploymentPostprocessing = 0;
			shellPath = /bin/sh;
			shellScript = "\"${SRCROOT}/Pods/Target Support Files/Pods-simplestats/Pods-simplestats-frameworks.sh\"\n";
			showEnvVarsInLog = 0;
		};
/* End PBXShellScriptBuildPhase section */

/* Begin PBXSourcesBuildPhase section */
		87C058041F10AF7B0085B157 /* Sources */ = {
			isa = PBXSourcesBuildPhase;
			buildActionMask = 2147483647;
			files = (
				879FCEE11F20E8C30042ABC8 /* LoginViewController.swift in Sources */,
				87C0580E1F10AF7B0085B157 /* ViewController.swift in Sources */,
				87E34F0A1F11F3070025BCEB /* Widget.swift in Sources */,
				87C0580C1F10AF7B0085B157 /* AppDelegate.swift in Sources */,
			);
			runOnlyForDeploymentPostprocessing = 0;
		};
		C1DF31E41F14D3B300A2C2C5 /* Sources */ = {
			isa = PBXSourcesBuildPhase;
			buildActionMask = 2147483647;
			files = (
				C1DF31EE1F14D3B300A2C2C5 /* TodayViewController.swift in Sources */,
				C1EB4C471F14D8F4002C3573 /* Widget.swift in Sources */,
			);
			runOnlyForDeploymentPostprocessing = 0;
		};
/* End PBXSourcesBuildPhase section */

/* Begin PBXTargetDependency section */
		C1DF31F41F14D3B300A2C2C5 /* PBXTargetDependency */ = {
			isa = PBXTargetDependency;
			target = C1DF31E71F14D3B300A2C2C5 /* widget */;
			targetProxy = C1DF31F31F14D3B300A2C2C5 /* PBXContainerItemProxy */;
		};
/* End PBXTargetDependency section */

/* Begin PBXVariantGroup section */
		87C0580F1F10AF7B0085B157 /* Main.storyboard */ = {
			isa = PBXVariantGroup;
			children = (
				87C058101F10AF7B0085B157 /* Base */,
			);
			name = Main.storyboard;
			sourceTree = "<group>";
		};
		87C058141F10AF7B0085B157 /* LaunchScreen.storyboard */ = {
			isa = PBXVariantGroup;
			children = (
				87C058151F10AF7B0085B157 /* Base */,
			);
			name = LaunchScreen.storyboard;
			sourceTree = "<group>";
		};
		C1DF31EF1F14D3B300A2C2C5 /* MainInterface.storyboard */ = {
			isa = PBXVariantGroup;
			children = (
				C1DF31F01F14D3B300A2C2C5 /* Base */,
			);
			name = MainInterface.storyboard;
			sourceTree = "<group>";
		};
/* End PBXVariantGroup section */

/* Begin XCBuildConfiguration section */
		87C058181F10AF7B0085B157 /* Debug */ = {
			isa = XCBuildConfiguration;
			buildSettings = {
				ALWAYS_SEARCH_USER_PATHS = NO;
				CLANG_ANALYZER_NONNULL = YES;
				CLANG_ANALYZER_NUMBER_OBJECT_CONVERSION = YES_AGGRESSIVE;
				CLANG_CXX_LANGUAGE_STANDARD = "gnu++0x";
				CLANG_CXX_LIBRARY = "libc++";
				CLANG_ENABLE_MODULES = YES;
				CLANG_ENABLE_OBJC_ARC = YES;
				CLANG_WARN_BOOL_CONVERSION = YES;
				CLANG_WARN_CONSTANT_CONVERSION = YES;
				CLANG_WARN_DIRECT_OBJC_ISA_USAGE = YES_ERROR;
				CLANG_WARN_DOCUMENTATION_COMMENTS = YES;
				CLANG_WARN_EMPTY_BODY = YES;
				CLANG_WARN_ENUM_CONVERSION = YES;
				CLANG_WARN_INFINITE_RECURSION = YES;
				CLANG_WARN_INT_CONVERSION = YES;
				CLANG_WARN_OBJC_ROOT_CLASS = YES_ERROR;
				CLANG_WARN_SUSPICIOUS_MOVE = YES;
				CLANG_WARN_UNREACHABLE_CODE = YES;
				CLANG_WARN__DUPLICATE_METHOD_MATCH = YES;
				"CODE_SIGN_IDENTITY[sdk=iphoneos*]" = "iPhone Developer";
				COPY_PHASE_STRIP = NO;
				DEBUG_INFORMATION_FORMAT = dwarf;
				ENABLE_STRICT_OBJC_MSGSEND = YES;
				ENABLE_TESTABILITY = YES;
				GCC_C_LANGUAGE_STANDARD = gnu99;
				GCC_DYNAMIC_NO_PIC = NO;
				GCC_NO_COMMON_BLOCKS = YES;
				GCC_OPTIMIZATION_LEVEL = 0;
				GCC_PREPROCESSOR_DEFINITIONS = (
					"DEBUG=1",
					"$(inherited)",
				);
				GCC_WARN_64_TO_32_BIT_CONVERSION = YES;
				GCC_WARN_ABOUT_RETURN_TYPE = YES_ERROR;
				GCC_WARN_UNDECLARED_SELECTOR = YES;
				GCC_WARN_UNINITIALIZED_AUTOS = YES_AGGRESSIVE;
				GCC_WARN_UNUSED_FUNCTION = YES;
				GCC_WARN_UNUSED_VARIABLE = YES;
				IPHONEOS_DEPLOYMENT_TARGET = 10.3;
				MTL_ENABLE_DEBUG_INFO = YES;
				ONLY_ACTIVE_ARCH = YES;
				SDKROOT = iphoneos;
				SWIFT_ACTIVE_COMPILATION_CONDITIONS = DEBUG;
				SWIFT_OPTIMIZATION_LEVEL = "-Onone";
				TARGETED_DEVICE_FAMILY = "1,2";
			};
			name = Debug;
		};
		87C058191F10AF7B0085B157 /* Release */ = {
			isa = XCBuildConfiguration;
			buildSettings = {
				ALWAYS_SEARCH_USER_PATHS = NO;
				CLANG_ANALYZER_NONNULL = YES;
				CLANG_ANALYZER_NUMBER_OBJECT_CONVERSION = YES_AGGRESSIVE;
				CLANG_CXX_LANGUAGE_STANDARD = "gnu++0x";
				CLANG_CXX_LIBRARY = "libc++";
				CLANG_ENABLE_MODULES = YES;
				CLANG_ENABLE_OBJC_ARC = YES;
				CLANG_WARN_BOOL_CONVERSION = YES;
				CLANG_WARN_CONSTANT_CONVERSION = YES;
				CLANG_WARN_DIRECT_OBJC_ISA_USAGE = YES_ERROR;
				CLANG_WARN_DOCUMENTATION_COMMENTS = YES;
				CLANG_WARN_EMPTY_BODY = YES;
				CLANG_WARN_ENUM_CONVERSION = YES;
				CLANG_WARN_INFINITE_RECURSION = YES;
				CLANG_WARN_INT_CONVERSION = YES;
				CLANG_WARN_OBJC_ROOT_CLASS = YES_ERROR;
				CLANG_WARN_SUSPICIOUS_MOVE = YES;
				CLANG_WARN_UNREACHABLE_CODE = YES;
				CLANG_WARN__DUPLICATE_METHOD_MATCH = YES;
				"CODE_SIGN_IDENTITY[sdk=iphoneos*]" = "iPhone Developer";
				COPY_PHASE_STRIP = NO;
				DEBUG_INFORMATION_FORMAT = "dwarf-with-dsym";
				ENABLE_NS_ASSERTIONS = NO;
				ENABLE_STRICT_OBJC_MSGSEND = YES;
				GCC_C_LANGUAGE_STANDARD = gnu99;
				GCC_NO_COMMON_BLOCKS = YES;
				GCC_WARN_64_TO_32_BIT_CONVERSION = YES;
				GCC_WARN_ABOUT_RETURN_TYPE = YES_ERROR;
				GCC_WARN_UNDECLARED_SELECTOR = YES;
				GCC_WARN_UNINITIALIZED_AUTOS = YES_AGGRESSIVE;
				GCC_WARN_UNUSED_FUNCTION = YES;
				GCC_WARN_UNUSED_VARIABLE = YES;
				IPHONEOS_DEPLOYMENT_TARGET = 10.3;
				MTL_ENABLE_DEBUG_INFO = NO;
				SDKROOT = iphoneos;
				SWIFT_OPTIMIZATION_LEVEL = "-Owholemodule";
				TARGETED_DEVICE_FAMILY = "1,2";
				VALIDATE_PRODUCT = YES;
			};
			name = Release;
		};
		87C0581B1F10AF7B0085B157 /* Debug */ = {
			isa = XCBuildConfiguration;
			baseConfigurationReference = F3038DE85FFD4B830BE0C7D9 /* Pods-simplestats.debug.xcconfig */;
			buildSettings = {
				ASSETCATALOG_COMPILER_APPICON_NAME = AppIcon;
				CODE_SIGN_ENTITLEMENTS = simplestats/simplestats.entitlements;
				DEVELOPMENT_TEAM = QX3B8ZS54S;
				INFOPLIST_FILE = simplestats/Info.plist;
				LD_RUNPATH_SEARCH_PATHS = "$(inherited) @executable_path/Frameworks";
				PRODUCT_BUNDLE_IDENTIFIER = net.kungfudiscomonkey.simplestats;
				PRODUCT_NAME = "$(TARGET_NAME)";
				SWIFT_VERSION = 3.0;
			};
			name = Debug;
		};
		87C0581C1F10AF7B0085B157 /* Release */ = {
			isa = XCBuildConfiguration;
			baseConfigurationReference = ACD635D7364B3D74BA51C6F3 /* Pods-simplestats.release.xcconfig */;
			buildSettings = {
				ASSETCATALOG_COMPILER_APPICON_NAME = AppIcon;
				CODE_SIGN_ENTITLEMENTS = simplestats/simplestats.entitlements;
				DEVELOPMENT_TEAM = QX3B8ZS54S;
				INFOPLIST_FILE = simplestats/Info.plist;
				LD_RUNPATH_SEARCH_PATHS = "$(inherited) @executable_path/Frameworks";
				PRODUCT_BUNDLE_IDENTIFIER = net.kungfudiscomonkey.simplestats;
				PRODUCT_NAME = "$(TARGET_NAME)";
				SWIFT_VERSION = 3.0;
			};
			name = Release;
		};
		C1DF31F61F14D3B300A2C2C5 /* Debug */ = {
			isa = XCBuildConfiguration;
			baseConfigurationReference = 20EA8B1DCADD3B9DA620238E /* Pods-widget.debug.xcconfig */;
			buildSettings = {
				CODE_SIGN_ENTITLEMENTS = widget/widget.entitlements;
				DEVELOPMENT_TEAM = QX3B8ZS54S;
				INFOPLIST_FILE = widget/Info.plist;
				LD_RUNPATH_SEARCH_PATHS = "$(inherited) @executable_path/Frameworks @executable_path/../../Frameworks";
				PRODUCT_BUNDLE_IDENTIFIER = net.kungfudiscomonkey.simplestats.widget;
				PRODUCT_NAME = "$(TARGET_NAME)";
				SKIP_INSTALL = YES;
				SWIFT_VERSION = 3.0;
			};
			name = Debug;
		};
		C1DF31F71F14D3B300A2C2C5 /* Release */ = {
			isa = XCBuildConfiguration;
			baseConfigurationReference = 149871B216FE3AED6F87F7A0 /* Pods-widget.release.xcconfig */;
			buildSettings = {
				CODE_SIGN_ENTITLEMENTS = widget/widget.entitlements;
				DEVELOPMENT_TEAM = QX3B8ZS54S;
				INFOPLIST_FILE = widget/Info.plist;
				LD_RUNPATH_SEARCH_PATHS = "$(inherited) @executable_path/Frameworks @executable_path/../../Frameworks";
				PRODUCT_BUNDLE_IDENTIFIER = net.kungfudiscomonkey.simplestats.widget;
				PRODUCT_NAME = "$(TARGET_NAME)";
				SKIP_INSTALL = YES;
				SWIFT_VERSION = 3.0;
			};
			name = Release;
		};
/* End XCBuildConfiguration section */

/* Begin XCConfigurationList section */
		87C058031F10AF7B0085B157 /* Build configuration list for PBXProject "simplestats" */ = {
			isa = XCConfigurationList;
			buildConfigurations = (
				87C058181F10AF7B0085B157 /* Debug */,
				87C058191F10AF7B0085B157 /* Release */,
			);
			defaultConfigurationIsVisible = 0;
			defaultConfigurationName = Release;
		};
		87C0581A1F10AF7B0085B157 /* Build configuration list for PBXNativeTarget "simplestats" */ = {
			isa = XCConfigurationList;
			buildConfigurations = (
				87C0581B1F10AF7B0085B157 /* Debug */,
				87C0581C1F10AF7B0085B157 /* Release */,
			);
			defaultConfigurationIsVisible = 0;
			defaultConfigurationName = Release;
		};
		C1DF31F81F14D3B300A2C2C5 /* Build configuration list for PBXNativeTarget "widget" */ = {
			isa = XCConfigurationList;
			buildConfigurations = (
				C1DF31F61F14D3B300A2C2C5 /* Debug */,
				C1DF31F71F14D3B300A2C2C5 /* Release */,
			);
			defaultConfigurationIsVisible = 0;
			defaultConfigurationName = Release;
		};
/* End XCConfigurationList section */
	};
	rootObject = 87C058001F10AF7B0085B157 /* Project object */;
}
