// !$*UTF8*$!
{
	archiveVersion = 1;
	classes = {
	};
	objectVersion = 46;
	objects = {

/* Begin PBXBuildFile section */
		87C0580C1F10AF7B0085B157 /* AppDelegate.swift in Sources */ = {isa = PBXBuildFile; fileRef = 87C0580B1F10AF7B0085B157 /* AppDelegate.swift */; };
		87C0580E1F10AF7B0085B157 /* ViewController.swift in Sources */ = {isa = PBXBuildFile; fileRef = 87C0580D1F10AF7B0085B157 /* ViewController.swift */; };
		87C058111F10AF7B0085B157 /* Main.storyboard in Resources */ = {isa = PBXBuildFile; fileRef = 87C0580F1F10AF7B0085B157 /* Main.storyboard */; };
		87C058131F10AF7B0085B157 /* Assets.xcassets in Resources */ = {isa = PBXBuildFile; fileRef = 87C058121F10AF7B0085B157 /* Assets.xcassets */; };
		87C058161F10AF7B0085B157 /* LaunchScreen.storyboard in Resources */ = {isa = PBXBuildFile; fileRef = 87C058141F10AF7B0085B157 /* LaunchScreen.storyboard */; };
		87C0581E1F10B48E0085B157 /* SwiftyJSON.swift in Sources */ = {isa = PBXBuildFile; fileRef = 87C0581D1F10B48E0085B157 /* SwiftyJSON.swift */; };
		87E34F0A1F11F3070025BCEB /* Widget.swift in Sources */ = {isa = PBXBuildFile; fileRef = 87E34F091F11F3070025BCEB /* Widget.swift */; };
/* End PBXBuildFile section */

/* Begin PBXFileReference section */
		87C058081F10AF7B0085B157 /* simplestats.app */ = {isa = PBXFileReference; explicitFileType = wrapper.application; includeInIndex = 0; path = simplestats.app; sourceTree = BUILT_PRODUCTS_DIR; };
		87C0580B1F10AF7B0085B157 /* AppDelegate.swift */ = {isa = PBXFileReference; lastKnownFileType = sourcecode.swift; path = AppDelegate.swift; sourceTree = "<group>"; };
		87C0580D1F10AF7B0085B157 /* ViewController.swift */ = {isa = PBXFileReference; lastKnownFileType = sourcecode.swift; path = ViewController.swift; sourceTree = "<group>"; };
		87C058101F10AF7B0085B157 /* Base */ = {isa = PBXFileReference; lastKnownFileType = file.storyboard; name = Base; path = Base.lproj/Main.storyboard; sourceTree = "<group>"; };
		87C058121F10AF7B0085B157 /* Assets.xcassets */ = {isa = PBXFileReference; lastKnownFileType = folder.assetcatalog; path = Assets.xcassets; sourceTree = "<group>"; };
		87C058151F10AF7B0085B157 /* Base */ = {isa = PBXFileReference; lastKnownFileType = file.storyboard; name = Base; path = Base.lproj/LaunchScreen.storyboard; sourceTree = "<group>"; };
		87C058171F10AF7B0085B157 /* Info.plist */ = {isa = PBXFileReference; lastKnownFileType = text.plist.xml; path = Info.plist; sourceTree = "<group>"; };
		87C0581D1F10B48E0085B157 /* SwiftyJSON.swift */ = {isa = PBXFileReference; fileEncoding = 4; lastKnownFileType = sourcecode.swift; path = SwiftyJSON.swift; sourceTree = "<group>"; };
		87E34F091F11F3070025BCEB /* Widget.swift */ = {isa = PBXFileReference; fileEncoding = 4; lastKnownFileType = sourcecode.swift; path = Widget.swift; sourceTree = "<group>"; };
/* End PBXFileReference section */

/* Begin PBXFrameworksBuildPhase section */
		87C058051F10AF7B0085B157 /* Frameworks */ = {
			isa = PBXFrameworksBuildPhase;
			buildActionMask = 2147483647;
			files = (
			);
			runOnlyForDeploymentPostprocessing = 0;
		};
/* End PBXFrameworksBuildPhase section */

/* Begin PBXGroup section */
		87C057FF1F10AF7B0085B157 = {
			isa = PBXGroup;
			children = (
				87C0580A1F10AF7B0085B157 /* simplestats */,
				87C058091F10AF7B0085B157 /* Products */,
			);
			sourceTree = "<group>";
		};
		87C058091F10AF7B0085B157 /* Products */ = {
			isa = PBXGroup;
			children = (
				87C058081F10AF7B0085B157 /* simplestats.app */,
			);
			name = Products;
			sourceTree = "<group>";
		};
		87C0580A1F10AF7B0085B157 /* simplestats */ = {
			isa = PBXGroup;
			children = (
				87E34F091F11F3070025BCEB /* Widget.swift */,
				87C0581D1F10B48E0085B157 /* SwiftyJSON.swift */,
				87C0580B1F10AF7B0085B157 /* AppDelegate.swift */,
				87C0580D1F10AF7B0085B157 /* ViewController.swift */,
				87C0580F1F10AF7B0085B157 /* Main.storyboard */,
				87C058121F10AF7B0085B157 /* Assets.xcassets */,
				87C058141F10AF7B0085B157 /* LaunchScreen.storyboard */,
				87C058171F10AF7B0085B157 /* Info.plist */,
			);
			path = simplestats;
			sourceTree = "<group>";
		};
/* End PBXGroup section */

/* Begin PBXNativeTarget section */
		87C058071F10AF7B0085B157 /* simplestats */ = {
			isa = PBXNativeTarget;
			buildConfigurationList = 87C0581A1F10AF7B0085B157 /* Build configuration list for PBXNativeTarget "simplestats" */;
			buildPhases = (
				87C058041F10AF7B0085B157 /* Sources */,
				87C058051F10AF7B0085B157 /* Frameworks */,
				87C058061F10AF7B0085B157 /* Resources */,
			);
			buildRules = (
			);
			dependencies = (
			);
			name = simplestats;
			productName = simplestats;
			productReference = 87C058081F10AF7B0085B157 /* simplestats.app */;
			productType = "com.apple.product-type.application";
		};
/* End PBXNativeTarget section */

/* Begin PBXProject section */
		87C058001F10AF7B0085B157 /* Project object */ = {
			isa = PBXProject;
			attributes = {
				LastSwiftUpdateCheck = 0830;
				LastUpgradeCheck = 0830;
				ORGANIZATIONNAME = "Paul Traylor";
				TargetAttributes = {
					87C058071F10AF7B0085B157 = {
						CreatedOnToolsVersion = 8.3.3;
						DevelopmentTeam = QX3B8ZS54S;
						ProvisioningStyle = Automatic;
					};
				};
			};
			buildConfigurationList = 87C058031F10AF7B0085B157 /* Build configuration list for PBXProject "simplestats" */;
			compatibilityVersion = "Xcode 3.2";
			developmentRegion = English;
			hasScannedForEncodings = 0;
			knownRegions = (
				en,
				Base,
			);
			mainGroup = 87C057FF1F10AF7B0085B157;
			productRefGroup = 87C058091F10AF7B0085B157 /* Products */;
			projectDirPath = "";
			projectRoot = "";
			targets = (
				87C058071F10AF7B0085B157 /* simplestats */,
			);
		};
/* End PBXProject section */

/* Begin PBXResourcesBuildPhase section */
		87C058061F10AF7B0085B157 /* Resources */ = {
			isa = PBXResourcesBuildPhase;
			buildActionMask = 2147483647;
			files = (
				87C058161F10AF7B0085B157 /* LaunchScreen.storyboard in Resources */,
				87C058131F10AF7B0085B157 /* Assets.xcassets in Resources */,
				87C058111F10AF7B0085B157 /* Main.storyboard in Resources */,
			);
			runOnlyForDeploymentPostprocessing = 0;
		};
/* End PBXResourcesBuildPhase section */

/* Begin PBXSourcesBuildPhase section */
		87C058041F10AF7B0085B157 /* Sources */ = {
			isa = PBXSourcesBuildPhase;
			buildActionMask = 2147483647;
			files = (
				87C0581E1F10B48E0085B157 /* SwiftyJSON.swift in Sources */,
				87C0580E1F10AF7B0085B157 /* ViewController.swift in Sources */,
				87E34F0A1F11F3070025BCEB /* Widget.swift in Sources */,
				87C0580C1F10AF7B0085B157 /* AppDelegate.swift in Sources */,
			);
			runOnlyForDeploymentPostprocessing = 0;
		};
/* End PBXSourcesBuildPhase section */

/* Begin PBXVariantGroup section */
		87C0580F1F10AF7B0085B157 /* Main.storyboard */ = {
			isa = PBXVariantGroup;
			children = (
				87C058101F10AF7B0085B157 /* Base */,
			);
			name = Main.storyboard;
			sourceTree = "<group>";
		};
		87C058141F10AF7B0085B157 /* LaunchScreen.storyboard */ = {
			isa = PBXVariantGroup;
			children = (
				87C058151F10AF7B0085B157 /* Base */,
			);
			name = LaunchScreen.storyboard;
			sourceTree = "<group>";
		};
/* End PBXVariantGroup section */

/* Begin XCBuildConfiguration section */
		87C058181F10AF7B0085B157 /* Debug */ = {
			isa = XCBuildConfiguration;
			buildSettings = {
				ALWAYS_SEARCH_USER_PATHS = NO;
				CLANG_ANALYZER_NONNULL = YES;
				CLANG_ANALYZER_NUMBER_OBJECT_CONVERSION = YES_AGGRESSIVE;
				CLANG_CXX_LANGUAGE_STANDARD = "gnu++0x";
				CLANG_CXX_LIBRARY = "libc++";
				CLANG_ENABLE_MODULES = YES;
				CLANG_ENABLE_OBJC_ARC = YES;
				CLANG_WARN_BOOL_CONVERSION = YES;
				CLANG_WARN_CONSTANT_CONVERSION = YES;
				CLANG_WARN_DIRECT_OBJC_ISA_USAGE = YES_ERROR;
				CLANG_WARN_DOCUMENTATION_COMMENTS = YES;
				CLANG_WARN_EMPTY_BODY = YES;
				CLANG_WARN_ENUM_CONVERSION = YES;
				CLANG_WARN_INFINITE_RECURSION = YES;
				CLANG_WARN_INT_CONVERSION = YES;
				CLANG_WARN_OBJC_ROOT_CLASS = YES_ERROR;
				CLANG_WARN_SUSPICIOUS_MOVE = YES;
				CLANG_WARN_UNREACHABLE_CODE = YES;
				CLANG_WARN__DUPLICATE_METHOD_MATCH = YES;
				"CODE_SIGN_IDENTITY[sdk=iphoneos*]" = "iPhone Developer";
				COPY_PHASE_STRIP = NO;
				DEBUG_INFORMATION_FORMAT = dwarf;
				ENABLE_STRICT_OBJC_MSGSEND = YES;
				ENABLE_TESTABILITY = YES;
				GCC_C_LANGUAGE_STANDARD = gnu99;
				GCC_DYNAMIC_NO_PIC = NO;
				GCC_NO_COMMON_BLOCKS = YES;
				GCC_OPTIMIZATION_LEVEL = 0;
				GCC_PREPROCESSOR_DEFINITIONS = (
					"DEBUG=1",
					"$(inherited)",
				);
				GCC_WARN_64_TO_32_BIT_CONVERSION = YES;
				GCC_WARN_ABOUT_RETURN_TYPE = YES_ERROR;
				GCC_WARN_UNDECLARED_SELECTOR = YES;
				GCC_WARN_UNINITIALIZED_AUTOS = YES_AGGRESSIVE;
				GCC_WARN_UNUSED_FUNCTION = YES;
				GCC_WARN_UNUSED_VARIABLE = YES;
				IPHONEOS_DEPLOYMENT_TARGET = 10.3;
				MTL_ENABLE_DEBUG_INFO = YES;
				ONLY_ACTIVE_ARCH = YES;
				SDKROOT = iphoneos;
				SWIFT_ACTIVE_COMPILATION_CONDITIONS = DEBUG;
				SWIFT_OPTIMIZATION_LEVEL = "-Onone";
				TARGETED_DEVICE_FAMILY = "1,2";
			};
			name = Debug;
		};
		87C058191F10AF7B0085B157 /* Release */ = {
			isa = XCBuildConfiguration;
			buildSettings = {
				ALWAYS_SEARCH_USER_PATHS = NO;
				CLANG_ANALYZER_NONNULL = YES;
				CLANG_ANALYZER_NUMBER_OBJECT_CONVERSION = YES_AGGRESSIVE;
				CLANG_CXX_LANGUAGE_STANDARD = "gnu++0x";
				CLANG_CXX_LIBRARY = "libc++";
				CLANG_ENABLE_MODULES = YES;
				CLANG_ENABLE_OBJC_ARC = YES;
				CLANG_WARN_BOOL_CONVERSION = YES;
				CLANG_WARN_CONSTANT_CONVERSION = YES;
				CLANG_WARN_DIRECT_OBJC_ISA_USAGE = YES_ERROR;
				CLANG_WARN_DOCUMENTATION_COMMENTS = YES;
				CLANG_WARN_EMPTY_BODY = YES;
				CLANG_WARN_ENUM_CONVERSION = YES;
				CLANG_WARN_INFINITE_RECURSION = YES;
				CLANG_WARN_INT_CONVERSION = YES;
				CLANG_WARN_OBJC_ROOT_CLASS = YES_ERROR;
				CLANG_WARN_SUSPICIOUS_MOVE = YES;
				CLANG_WARN_UNREACHABLE_CODE = YES;
				CLANG_WARN__DUPLICATE_METHOD_MATCH = YES;
				"CODE_SIGN_IDENTITY[sdk=iphoneos*]" = "iPhone Developer";
				COPY_PHASE_STRIP = NO;
				DEBUG_INFORMATION_FORMAT = "dwarf-with-dsym";
				ENABLE_NS_ASSERTIONS = NO;
				ENABLE_STRICT_OBJC_MSGSEND = YES;
				GCC_C_LANGUAGE_STANDARD = gnu99;
				GCC_NO_COMMON_BLOCKS = YES;
				GCC_WARN_64_TO_32_BIT_CONVERSION = YES;
				GCC_WARN_ABOUT_RETURN_TYPE = YES_ERROR;
				GCC_WARN_UNDECLARED_SELECTOR = YES;
				GCC_WARN_UNINITIALIZED_AUTOS = YES_AGGRESSIVE;
				GCC_WARN_UNUSED_FUNCTION = YES;
				GCC_WARN_UNUSED_VARIABLE = YES;
				IPHONEOS_DEPLOYMENT_TARGET = 10.3;
				MTL_ENABLE_DEBUG_INFO = NO;
				SDKROOT = iphoneos;
				SWIFT_OPTIMIZATION_LEVEL = "-Owholemodule";
				TARGETED_DEVICE_FAMILY = "1,2";
				VALIDATE_PRODUCT = YES;
			};
			name = Release;
		};
		87C0581B1F10AF7B0085B157 /* Debug */ = {
			isa = XCBuildConfiguration;
			buildSettings = {
				ASSETCATALOG_COMPILER_APPICON_NAME = AppIcon;
				DEVELOPMENT_TEAM = QX3B8ZS54S;
				INFOPLIST_FILE = simplestats/Info.plist;
				LD_RUNPATH_SEARCH_PATHS = "$(inherited) @executable_path/Frameworks";
				PRODUCT_BUNDLE_IDENTIFIER = net.kungfudiscomonkey.simplestats;
				PRODUCT_NAME = "$(TARGET_NAME)";
				SWIFT_VERSION = 3.0;
			};
			name = Debug;
		};
		87C0581C1F10AF7B0085B157 /* Release */ = {
			isa = XCBuildConfiguration;
			buildSettings = {
				ASSETCATALOG_COMPILER_APPICON_NAME = AppIcon;
				DEVELOPMENT_TEAM = QX3B8ZS54S;
				INFOPLIST_FILE = simplestats/Info.plist;
				LD_RUNPATH_SEARCH_PATHS = "$(inherited) @executable_path/Frameworks";
				PRODUCT_BUNDLE_IDENTIFIER = net.kungfudiscomonkey.simplestats;
				PRODUCT_NAME = "$(TARGET_NAME)";
				SWIFT_VERSION = 3.0;
			};
			name = Release;
		};
/* End XCBuildConfiguration section */

/* Begin XCConfigurationList section */
		87C058031F10AF7B0085B157 /* Build configuration list for PBXProject "simplestats" */ = {
			isa = XCConfigurationList;
			buildConfigurations = (
				87C058181F10AF7B0085B157 /* Debug */,
				87C058191F10AF7B0085B157 /* Release */,
			);
			defaultConfigurationIsVisible = 0;
			defaultConfigurationName = Release;
		};
		87C0581A1F10AF7B0085B157 /* Build configuration list for PBXNativeTarget "simplestats" */ = {
			isa = XCConfigurationList;
			buildConfigurations = (
				87C0581B1F10AF7B0085B157 /* Debug */,
				87C0581C1F10AF7B0085B157 /* Release */,
			);
			defaultConfigurationIsVisible = 0;
			defaultConfigurationName = Release;
		};
/* End XCConfigurationList section */
	};
	rootObject = 87C058001F10AF7B0085B157 /* Project object */;
}
