// !$*UTF8*$!
{
	archiveVersion = 1;
	classes = {
	};
	objectVersion = 50;
	objects = {

/* Begin PBXBuildFile section */
		5664AAA0E5B921C82AFE68C0 /* Pods_NextStats.framework in Frameworks */ = {isa = PBXBuildFile; fileRef = 87331683CDCF3233E5B494C0 /* Pods_NextStats.framework */; };
		87D4088A213775D100A1695E /* AppDelegate.swift in Sources */ = {isa = PBXBuildFile; fileRef = 87D40889213775D100A1695E /* AppDelegate.swift */; };
		87D4088C213775D100A1695E /* MainController.swift in Sources */ = {isa = PBXBuildFile; fileRef = 87D4088B213775D100A1695E /* MainController.swift */; };
		87D4088F213775D100A1695E /* Main.storyboard in Resources */ = {isa = PBXBuildFile; fileRef = 87D4088D213775D100A1695E /* Main.storyboard */; };
		87D40891213775D300A1695E /* Assets.xcassets in Resources */ = {isa = PBXBuildFile; fileRef = 87D40890213775D300A1695E /* Assets.xcassets */; };
		87D40894213775D300A1695E /* LaunchScreen.storyboard in Resources */ = {isa = PBXBuildFile; fileRef = 87D40892213775D300A1695E /* LaunchScreen.storyboard */; };
		87D4089D213776ED00A1695E /* LoginController.swift in Sources */ = {isa = PBXBuildFile; fileRef = 87D4089C213776ED00A1695E /* LoginController.swift */; };
		87D408A02137782D00A1695E /* Settings.swift in Sources */ = {isa = PBXBuildFile; fileRef = 87D4089F2137782D00A1695E /* Settings.swift */; };
		87D408A221377A4000A1695E /* API.swift in Sources */ = {isa = PBXBuildFile; fileRef = 87D408A121377A4000A1695E /* API.swift */; };
		87D408A421377B1A00A1695E /* 1Password.xcassets in Resources */ = {isa = PBXBuildFile; fileRef = 87D408A321377B1A00A1695E /* 1Password.xcassets */; };
		87D408A6213782CD00A1695E /* Extensions.swift in Sources */ = {isa = PBXBuildFile; fileRef = 87D408A5213782CD00A1695E /* Extensions.swift */; };
		87D408A8213783AA00A1695E /* WidgetCollectionCell.swift in Sources */ = {isa = PBXBuildFile; fileRef = 87D408A7213783AA00A1695E /* WidgetCollectionCell.swift */; };
		87D408AC21378F0600A1695E /* DetailController.swift in Sources */ = {isa = PBXBuildFile; fileRef = 87D408AB21378F0600A1695E /* DetailController.swift */; };
/* End PBXBuildFile section */

/* Begin PBXFileReference section */
		87331683CDCF3233E5B494C0 /* Pods_NextStats.framework */ = {isa = PBXFileReference; explicitFileType = wrapper.framework; includeInIndex = 0; path = Pods_NextStats.framework; sourceTree = BUILT_PRODUCTS_DIR; };
		87D40886213775D100A1695E /* NextStats.app */ = {isa = PBXFileReference; explicitFileType = wrapper.application; includeInIndex = 0; path = NextStats.app; sourceTree = BUILT_PRODUCTS_DIR; };
		87D40889213775D100A1695E /* AppDelegate.swift */ = {isa = PBXFileReference; lastKnownFileType = sourcecode.swift; path = AppDelegate.swift; sourceTree = "<group>"; };
		87D4088B213775D100A1695E /* MainController.swift */ = {isa = PBXFileReference; lastKnownFileType = sourcecode.swift; path = MainController.swift; sourceTree = "<group>"; };
		87D4088E213775D100A1695E /* Base */ = {isa = PBXFileReference; lastKnownFileType = file.storyboard; name = Base; path = Base.lproj/Main.storyboard; sourceTree = "<group>"; };
		87D40890213775D300A1695E /* Assets.xcassets */ = {isa = PBXFileReference; lastKnownFileType = folder.assetcatalog; path = Assets.xcassets; sourceTree = "<group>"; };
		87D40893213775D300A1695E /* Base */ = {isa = PBXFileReference; lastKnownFileType = file.storyboard; name = Base; path = Base.lproj/LaunchScreen.storyboard; sourceTree = "<group>"; };
		87D40895213775D300A1695E /* Info.plist */ = {isa = PBXFileReference; lastKnownFileType = text.plist.xml; path = Info.plist; sourceTree = "<group>"; };
		87D4089C213776ED00A1695E /* LoginController.swift */ = {isa = PBXFileReference; lastKnownFileType = sourcecode.swift; path = LoginController.swift; sourceTree = "<group>"; };
		87D4089F2137782D00A1695E /* Settings.swift */ = {isa = PBXFileReference; lastKnownFileType = sourcecode.swift; path = Settings.swift; sourceTree = "<group>"; };
		87D408A121377A4000A1695E /* API.swift */ = {isa = PBXFileReference; lastKnownFileType = sourcecode.swift; path = API.swift; sourceTree = "<group>"; };
		87D408A321377B1A00A1695E /* 1Password.xcassets */ = {isa = PBXFileReference; lastKnownFileType = folder.assetcatalog; name = 1Password.xcassets; path = Pods/1PasswordExtension/1Password.xcassets; sourceTree = "<group>"; };
		87D408A5213782CD00A1695E /* Extensions.swift */ = {isa = PBXFileReference; lastKnownFileType = sourcecode.swift; path = Extensions.swift; sourceTree = "<group>"; };
		87D408A7213783AA00A1695E /* WidgetCollectionCell.swift */ = {isa = PBXFileReference; lastKnownFileType = sourcecode.swift; path = WidgetCollectionCell.swift; sourceTree = "<group>"; };
		87D408AB21378F0600A1695E /* DetailController.swift */ = {isa = PBXFileReference; lastKnownFileType = sourcecode.swift; path = DetailController.swift; sourceTree = "<group>"; };
		B25F9709B35571062F3DF1EE /* Pods-NextStats.release.xcconfig */ = {isa = PBXFileReference; includeInIndex = 1; lastKnownFileType = text.xcconfig; name = "Pods-NextStats.release.xcconfig"; path = "Pods/Target Support Files/Pods-NextStats/Pods-NextStats.release.xcconfig"; sourceTree = "<group>"; };
		FF2DA5FA37E2ACBC70926D2E /* Pods-NextStats.debug.xcconfig */ = {isa = PBXFileReference; includeInIndex = 1; lastKnownFileType = text.xcconfig; name = "Pods-NextStats.debug.xcconfig"; path = "Pods/Target Support Files/Pods-NextStats/Pods-NextStats.debug.xcconfig"; sourceTree = "<group>"; };
/* End PBXFileReference section */

/* Begin PBXFrameworksBuildPhase section */
		87D40883213775D100A1695E /* Frameworks */ = {
			isa = PBXFrameworksBuildPhase;
			buildActionMask = 2147483647;
			files = (
				5664AAA0E5B921C82AFE68C0 /* Pods_NextStats.framework in Frameworks */,
			);
			runOnlyForDeploymentPostprocessing = 0;
		};
/* End PBXFrameworksBuildPhase section */

/* Begin PBXGroup section */
		23EDBAA955CE05BCE0162EC7 /* Frameworks */ = {
			isa = PBXGroup;
			children = (
				87331683CDCF3233E5B494C0 /* Pods_NextStats.framework */,
			);
			name = Frameworks;
			sourceTree = "<group>";
		};
		7DE7C09E7263B773A2E9DC13 /* Pods */ = {
			isa = PBXGroup;
			children = (
				FF2DA5FA37E2ACBC70926D2E /* Pods-NextStats.debug.xcconfig */,
				B25F9709B35571062F3DF1EE /* Pods-NextStats.release.xcconfig */,
			);
			name = Pods;
			sourceTree = "<group>";
		};
		87D4087D213775D100A1695E = {
			isa = PBXGroup;
			children = (
				87D408A321377B1A00A1695E /* 1Password.xcassets */,
				87D40888213775D100A1695E /* NextStats */,
				87D40887213775D100A1695E /* Products */,
				7DE7C09E7263B773A2E9DC13 /* Pods */,
				23EDBAA955CE05BCE0162EC7 /* Frameworks */,
			);
			sourceTree = "<group>";
		};
		87D40887213775D100A1695E /* Products */ = {
			isa = PBXGroup;
			children = (
				87D40886213775D100A1695E /* NextStats.app */,
			);
			name = Products;
			sourceTree = "<group>";
		};
		87D40888213775D100A1695E /* NextStats */ = {
			isa = PBXGroup;
			children = (
				87D408AA2137888700A1695E /* API */,
				87D408A92137887900A1695E /* Cells */,
				87D4089B2137765900A1695E /* Views */,
				87D40889213775D100A1695E /* AppDelegate.swift */,
				87D40890213775D300A1695E /* Assets.xcassets */,
				87D40892213775D300A1695E /* LaunchScreen.storyboard */,
				87D40895213775D300A1695E /* Info.plist */,
				87D408A5213782CD00A1695E /* Extensions.swift */,
			);
			path = NextStats;
			sourceTree = "<group>";
		};
		87D4089B2137765900A1695E /* Views */ = {
			isa = PBXGroup;
			children = (
				87D4088D213775D100A1695E /* Main.storyboard */,
				87D4088B213775D100A1695E /* MainController.swift */,
				87D4089C213776ED00A1695E /* LoginController.swift */,
				87D408AB21378F0600A1695E /* DetailController.swift */,
			);
			path = Views;
			sourceTree = "<group>";
		};
		87D408A92137887900A1695E /* Cells */ = {
			isa = PBXGroup;
			children = (
				87D408A7213783AA00A1695E /* WidgetCollectionCell.swift */,
			);
			path = Cells;
			sourceTree = "<group>";
		};
		87D408AA2137888700A1695E /* API */ = {
			isa = PBXGroup;
			children = (
				87D4089F2137782D00A1695E /* Settings.swift */,
				87D408A121377A4000A1695E /* API.swift */,
			);
			path = API;
			sourceTree = "<group>";
		};
/* End PBXGroup section */

/* Begin PBXNativeTarget section */
		87D40885213775D100A1695E /* NextStats */ = {
			isa = PBXNativeTarget;
			buildConfigurationList = 87D40898213775D300A1695E /* Build configuration list for PBXNativeTarget "NextStats" */;
			buildPhases = (
				8C91F6BE3E4D091FCEF74BAC /* [CP] Check Pods Manifest.lock */,
				87D40882213775D100A1695E /* Sources */,
				87D40883213775D100A1695E /* Frameworks */,
				87D40884213775D100A1695E /* Resources */,
				4BB6A790D629D6E64377BF5E /* [CP] Embed Pods Frameworks */,
				87D4089E2137777300A1695E /* ShellScript */,
			);
			buildRules = (
			);
			dependencies = (
			);
			name = NextStats;
			productName = NextStats;
			productReference = 87D40886213775D100A1695E /* NextStats.app */;
			productType = "com.apple.product-type.application";
		};
/* End PBXNativeTarget section */

/* Begin PBXProject section */
		87D4087E213775D100A1695E /* Project object */ = {
			isa = PBXProject;
			attributes = {
				LastSwiftUpdateCheck = 0940;
				LastUpgradeCheck = 0940;
				ORGANIZATIONNAME = "Paul Traylor";
				TargetAttributes = {
					87D40885213775D100A1695E = {
						CreatedOnToolsVersion = 9.4.1;
					};
				};
			};
			buildConfigurationList = 87D40881213775D100A1695E /* Build configuration list for PBXProject "NextStats" */;
			compatibilityVersion = "Xcode 9.3";
			developmentRegion = en;
			hasScannedForEncodings = 0;
			knownRegions = (
				en,
				Base,
			);
			mainGroup = 87D4087D213775D100A1695E;
			productRefGroup = 87D40887213775D100A1695E /* Products */;
			projectDirPath = "";
			projectRoot = "";
			targets = (
				87D40885213775D100A1695E /* NextStats */,
			);
		};
/* End PBXProject section */

/* Begin PBXResourcesBuildPhase section */
		87D40884213775D100A1695E /* Resources */ = {
			isa = PBXResourcesBuildPhase;
			buildActionMask = 2147483647;
			files = (
				87D408A421377B1A00A1695E /* 1Password.xcassets in Resources */,
				87D40894213775D300A1695E /* LaunchScreen.storyboard in Resources */,
				87D40891213775D300A1695E /* Assets.xcassets in Resources */,
				87D4088F213775D100A1695E /* Main.storyboard in Resources */,
			);
			runOnlyForDeploymentPostprocessing = 0;
		};
/* End PBXResourcesBuildPhase section */

/* Begin PBXShellScriptBuildPhase section */
		4BB6A790D629D6E64377BF5E /* [CP] Embed Pods Frameworks */ = {
			isa = PBXShellScriptBuildPhase;
			buildActionMask = 2147483647;
			files = (
			);
			inputPaths = (
				"${SRCROOT}/Pods/Target Support Files/Pods-NextStats/Pods-NextStats-frameworks.sh",
				"${BUILT_PRODUCTS_DIR}/1PasswordExtension/OnePasswordExtension.framework",
				"${BUILT_PRODUCTS_DIR}/SDWebImage/SDWebImage.framework",
			);
			name = "[CP] Embed Pods Frameworks";
			outputPaths = (
				"${TARGET_BUILD_DIR}/${FRAMEWORKS_FOLDER_PATH}/OnePasswordExtension.framework",
				"${TARGET_BUILD_DIR}/${FRAMEWORKS_FOLDER_PATH}/SDWebImage.framework",
			);
			runOnlyForDeploymentPostprocessing = 0;
			shellPath = /bin/sh;
			shellScript = "\"${SRCROOT}/Pods/Target Support Files/Pods-NextStats/Pods-NextStats-frameworks.sh\"\n";
			showEnvVarsInLog = 0;
		};
		87D4089E2137777300A1695E /* ShellScript */ = {
			isa = PBXShellScriptBuildPhase;
			buildActionMask = 2147483647;
			files = (
			);
			inputPaths = (
			);
			outputPaths = (
			);
			runOnlyForDeploymentPostprocessing = 0;
			shellPath = /bin/sh;
			shellScript = "if which swiftlint >/dev/null; then\n\"${PODS_ROOT}/SwiftLint/swiftlint\"\nelse\necho \"warning: SwiftLint not installed, download from https://github.com/realm/SwiftLint\"\nfi";
		};
		8C91F6BE3E4D091FCEF74BAC /* [CP] Check Pods Manifest.lock */ = {
			isa = PBXShellScriptBuildPhase;
			buildActionMask = 2147483647;
			files = (
			);
			inputPaths = (
				"${PODS_PODFILE_DIR_PATH}/Podfile.lock",
				"${PODS_ROOT}/Manifest.lock",
			);
			name = "[CP] Check Pods Manifest.lock";
			outputPaths = (
				"$(DERIVED_FILE_DIR)/Pods-NextStats-checkManifestLockResult.txt",
			);
			runOnlyForDeploymentPostprocessing = 0;
			shellPath = /bin/sh;
			shellScript = "diff \"${PODS_PODFILE_DIR_PATH}/Podfile.lock\" \"${PODS_ROOT}/Manifest.lock\" > /dev/null\nif [ $? != 0 ] ; then\n    # print error to STDERR\n    echo \"error: The sandbox is not in sync with the Podfile.lock. Run 'pod install' or update your CocoaPods installation.\" >&2\n    exit 1\nfi\n# This output is used by Xcode 'outputs' to avoid re-running this script phase.\necho \"SUCCESS\" > \"${SCRIPT_OUTPUT_FILE_0}\"\n";
			showEnvVarsInLog = 0;
		};
/* End PBXShellScriptBuildPhase section */

/* Begin PBXSourcesBuildPhase section */
		87D40882213775D100A1695E /* Sources */ = {
			isa = PBXSourcesBuildPhase;
			buildActionMask = 2147483647;
			files = (
				87D408AC21378F0600A1695E /* DetailController.swift in Sources */,
				87D4088C213775D100A1695E /* MainController.swift in Sources */,
				87D408A6213782CD00A1695E /* Extensions.swift in Sources */,
				87D4089D213776ED00A1695E /* LoginController.swift in Sources */,
				87D408A02137782D00A1695E /* Settings.swift in Sources */,
				87D4088A213775D100A1695E /* AppDelegate.swift in Sources */,
				87D408A8213783AA00A1695E /* WidgetCollectionCell.swift in Sources */,
				87D408A221377A4000A1695E /* API.swift in Sources */,
			);
			runOnlyForDeploymentPostprocessing = 0;
		};
/* End PBXSourcesBuildPhase section */

/* Begin PBXVariantGroup section */
		87D4088D213775D100A1695E /* Main.storyboard */ = {
			isa = PBXVariantGroup;
			children = (
				87D4088E213775D100A1695E /* Base */,
			);
			name = Main.storyboard;
			sourceTree = "<group>";
		};
		87D40892213775D300A1695E /* LaunchScreen.storyboard */ = {
			isa = PBXVariantGroup;
			children = (
				87D40893213775D300A1695E /* Base */,
			);
			name = LaunchScreen.storyboard;
			sourceTree = "<group>";
		};
/* End PBXVariantGroup section */

/* Begin XCBuildConfiguration section */
		87D40896213775D300A1695E /* Debug */ = {
			isa = XCBuildConfiguration;
			buildSettings = {
				ALWAYS_SEARCH_USER_PATHS = NO;
				CLANG_ANALYZER_NONNULL = YES;
				CLANG_ANALYZER_NUMBER_OBJECT_CONVERSION = YES_AGGRESSIVE;
				CLANG_CXX_LANGUAGE_STANDARD = "gnu++14";
				CLANG_CXX_LIBRARY = "libc++";
				CLANG_ENABLE_MODULES = YES;
				CLANG_ENABLE_OBJC_ARC = YES;
				CLANG_ENABLE_OBJC_WEAK = YES;
				CLANG_WARN_BLOCK_CAPTURE_AUTORELEASING = YES;
				CLANG_WARN_BOOL_CONVERSION = YES;
				CLANG_WARN_COMMA = YES;
				CLANG_WARN_CONSTANT_CONVERSION = YES;
				CLANG_WARN_DEPRECATED_OBJC_IMPLEMENTATIONS = YES;
				CLANG_WARN_DIRECT_OBJC_ISA_USAGE = YES_ERROR;
				CLANG_WARN_DOCUMENTATION_COMMENTS = YES;
				CLANG_WARN_EMPTY_BODY = YES;
				CLANG_WARN_ENUM_CONVERSION = YES;
				CLANG_WARN_INFINITE_RECURSION = YES;
				CLANG_WARN_INT_CONVERSION = YES;
				CLANG_WARN_NON_LITERAL_NULL_CONVERSION = YES;
				CLANG_WARN_OBJC_IMPLICIT_RETAIN_SELF = YES;
				CLANG_WARN_OBJC_LITERAL_CONVERSION = YES;
				CLANG_WARN_OBJC_ROOT_CLASS = YES_ERROR;
				CLANG_WARN_RANGE_LOOP_ANALYSIS = YES;
				CLANG_WARN_STRICT_PROTOTYPES = YES;
				CLANG_WARN_SUSPICIOUS_MOVE = YES;
				CLANG_WARN_UNGUARDED_AVAILABILITY = YES_AGGRESSIVE;
				CLANG_WARN_UNREACHABLE_CODE = YES;
				CLANG_WARN__DUPLICATE_METHOD_MATCH = YES;
				CODE_SIGN_IDENTITY = "iPhone Developer";
				COPY_PHASE_STRIP = NO;
				DEBUG_INFORMATION_FORMAT = dwarf;
				ENABLE_STRICT_OBJC_MSGSEND = YES;
				ENABLE_TESTABILITY = YES;
				GCC_C_LANGUAGE_STANDARD = gnu11;
				GCC_DYNAMIC_NO_PIC = NO;
				GCC_NO_COMMON_BLOCKS = YES;
				GCC_OPTIMIZATION_LEVEL = 0;
				GCC_PREPROCESSOR_DEFINITIONS = (
					"DEBUG=1",
					"$(inherited)",
				);
				GCC_WARN_64_TO_32_BIT_CONVERSION = YES;
				GCC_WARN_ABOUT_RETURN_TYPE = YES_ERROR;
				GCC_WARN_UNDECLARED_SELECTOR = YES;
				GCC_WARN_UNINITIALIZED_AUTOS = YES_AGGRESSIVE;
				GCC_WARN_UNUSED_FUNCTION = YES;
				GCC_WARN_UNUSED_VARIABLE = YES;
				IPHONEOS_DEPLOYMENT_TARGET = 11.4;
				MTL_ENABLE_DEBUG_INFO = YES;
				ONLY_ACTIVE_ARCH = YES;
				SDKROOT = iphoneos;
				SWIFT_ACTIVE_COMPILATION_CONDITIONS = DEBUG;
				SWIFT_OPTIMIZATION_LEVEL = "-Onone";
			};
			name = Debug;
		};
		87D40897213775D300A1695E /* Release */ = {
			isa = XCBuildConfiguration;
			buildSettings = {
				ALWAYS_SEARCH_USER_PATHS = NO;
				CLANG_ANALYZER_NONNULL = YES;
				CLANG_ANALYZER_NUMBER_OBJECT_CONVERSION = YES_AGGRESSIVE;
				CLANG_CXX_LANGUAGE_STANDARD = "gnu++14";
				CLANG_CXX_LIBRARY = "libc++";
				CLANG_ENABLE_MODULES = YES;
				CLANG_ENABLE_OBJC_ARC = YES;
				CLANG_ENABLE_OBJC_WEAK = YES;
				CLANG_WARN_BLOCK_CAPTURE_AUTORELEASING = YES;
				CLANG_WARN_BOOL_CONVERSION = YES;
				CLANG_WARN_COMMA = YES;
				CLANG_WARN_CONSTANT_CONVERSION = YES;
				CLANG_WARN_DEPRECATED_OBJC_IMPLEMENTATIONS = YES;
				CLANG_WARN_DIRECT_OBJC_ISA_USAGE = YES_ERROR;
				CLANG_WARN_DOCUMENTATION_COMMENTS = YES;
				CLANG_WARN_EMPTY_BODY = YES;
				CLANG_WARN_ENUM_CONVERSION = YES;
				CLANG_WARN_INFINITE_RECURSION = YES;
				CLANG_WARN_INT_CONVERSION = YES;
				CLANG_WARN_NON_LITERAL_NULL_CONVERSION = YES;
				CLANG_WARN_OBJC_IMPLICIT_RETAIN_SELF = YES;
				CLANG_WARN_OBJC_LITERAL_CONVERSION = YES;
				CLANG_WARN_OBJC_ROOT_CLASS = YES_ERROR;
				CLANG_WARN_RANGE_LOOP_ANALYSIS = YES;
				CLANG_WARN_STRICT_PROTOTYPES = YES;
				CLANG_WARN_SUSPICIOUS_MOVE = YES;
				CLANG_WARN_UNGUARDED_AVAILABILITY = YES_AGGRESSIVE;
				CLANG_WARN_UNREACHABLE_CODE = YES;
				CLANG_WARN__DUPLICATE_METHOD_MATCH = YES;
				CODE_SIGN_IDENTITY = "iPhone Developer";
				COPY_PHASE_STRIP = NO;
				DEBUG_INFORMATION_FORMAT = "dwarf-with-dsym";
				ENABLE_NS_ASSERTIONS = NO;
				ENABLE_STRICT_OBJC_MSGSEND = YES;
				GCC_C_LANGUAGE_STANDARD = gnu11;
				GCC_NO_COMMON_BLOCKS = YES;
				GCC_WARN_64_TO_32_BIT_CONVERSION = YES;
				GCC_WARN_ABOUT_RETURN_TYPE = YES_ERROR;
				GCC_WARN_UNDECLARED_SELECTOR = YES;
				GCC_WARN_UNINITIALIZED_AUTOS = YES_AGGRESSIVE;
				GCC_WARN_UNUSED_FUNCTION = YES;
				GCC_WARN_UNUSED_VARIABLE = YES;
				IPHONEOS_DEPLOYMENT_TARGET = 11.4;
				MTL_ENABLE_DEBUG_INFO = NO;
				SDKROOT = iphoneos;
				SWIFT_COMPILATION_MODE = wholemodule;
				SWIFT_OPTIMIZATION_LEVEL = "-O";
				VALIDATE_PRODUCT = YES;
			};
			name = Release;
		};
		87D40899213775D300A1695E /* Debug */ = {
			isa = XCBuildConfiguration;
			baseConfigurationReference = FF2DA5FA37E2ACBC70926D2E /* Pods-NextStats.debug.xcconfig */;
			buildSettings = {
				ASSETCATALOG_COMPILER_APPICON_NAME = AppIcon;
				CODE_SIGN_STYLE = Automatic;
				DEVELOPMENT_TEAM = QX3B8ZS54S;
				INFOPLIST_FILE = NextStats/Info.plist;
				LD_RUNPATH_SEARCH_PATHS = (
					"$(inherited)",
					"@executable_path/Frameworks",
				);
				PRODUCT_BUNDLE_IDENTIFIER = net.kungfudiscomonkey.NextStats;
				PRODUCT_NAME = "$(TARGET_NAME)";
				SWIFT_VERSION = 4.0;
				TARGETED_DEVICE_FAMILY = "1,2";
			};
			name = Debug;
		};
		87D4089A213775D300A1695E /* Release */ = {
			isa = XCBuildConfiguration;
			baseConfigurationReference = B25F9709B35571062F3DF1EE /* Pods-NextStats.release.xcconfig */;
			buildSettings = {
				ASSETCATALOG_COMPILER_APPICON_NAME = AppIcon;
				CODE_SIGN_STYLE = Automatic;
				DEVELOPMENT_TEAM = QX3B8ZS54S;
				INFOPLIST_FILE = NextStats/Info.plist;
				LD_RUNPATH_SEARCH_PATHS = (
					"$(inherited)",
					"@executable_path/Frameworks",
				);
				PRODUCT_BUNDLE_IDENTIFIER = net.kungfudiscomonkey.NextStats;
				PRODUCT_NAME = "$(TARGET_NAME)";
				SWIFT_VERSION = 4.0;
				TARGETED_DEVICE_FAMILY = "1,2";
			};
			name = Release;
		};
/* End XCBuildConfiguration section */

/* Begin XCConfigurationList section */
		87D40881213775D100A1695E /* Build configuration list for PBXProject "NextStats" */ = {
			isa = XCConfigurationList;
			buildConfigurations = (
				87D40896213775D300A1695E /* Debug */,
				87D40897213775D300A1695E /* Release */,
			);
			defaultConfigurationIsVisible = 0;
			defaultConfigurationName = Release;
		};
		87D40898213775D300A1695E /* Build configuration list for PBXNativeTarget "NextStats" */ = {
			isa = XCConfigurationList;
			buildConfigurations = (
				87D40899213775D300A1695E /* Debug */,
				87D4089A213775D300A1695E /* Release */,
			);
			defaultConfigurationIsVisible = 0;
			defaultConfigurationName = Release;
		};
/* End XCConfigurationList section */
	};
	rootObject = 87D4087E213775D100A1695E /* Project object */;
}
